// !$*UTF8*$!
{
	archiveVersion = 1;
	classes = {
	};
	objectVersion = 51;
	objects = {

/* Begin PBXBuildFile section */
		26FE4B64C9716194FE1CBDAE /* libPods-MVVMDemo.a in Frameworks */ = {isa = PBXBuildFile; fileRef = 9C8A912B3B9D00996ABBD7D7 /* libPods-MVVMDemo.a */; };
		6578E43A23054AAA004BC1CF /* AppDelegate.m in Sources */ = {isa = PBXBuildFile; fileRef = 6578E43923054AAA004BC1CF /* AppDelegate.m */; };
		6578E43D23054AAA004BC1CF /* ViewController.m in Sources */ = {isa = PBXBuildFile; fileRef = 6578E43C23054AAA004BC1CF /* ViewController.m */; };
		6578E44023054AAA004BC1CF /* Main.storyboard in Resources */ = {isa = PBXBuildFile; fileRef = 6578E43E23054AAA004BC1CF /* Main.storyboard */; };
		6578E44223054AAB004BC1CF /* Assets.xcassets in Resources */ = {isa = PBXBuildFile; fileRef = 6578E44123054AAB004BC1CF /* Assets.xcassets */; };
		6578E44523054AAB004BC1CF /* LaunchScreen.storyboard in Resources */ = {isa = PBXBuildFile; fileRef = 6578E44323054AAB004BC1CF /* LaunchScreen.storyboard */; };
		6578E44823054AAB004BC1CF /* main.m in Sources */ = {isa = PBXBuildFile; fileRef = 6578E44723054AAB004BC1CF /* main.m */; };
		6578E45223054AAC004BC1CF /* MVVMDemoTests.m in Sources */ = {isa = PBXBuildFile; fileRef = 6578E45123054AAC004BC1CF /* MVVMDemoTests.m */; };
		6578E45D23054AAC004BC1CF /* MVVMDemoUITests.m in Sources */ = {isa = PBXBuildFile; fileRef = 6578E45C23054AAC004BC1CF /* MVVMDemoUITests.m */; };
		6578E46F23054F51004BC1CF /* PicModel.m in Sources */ = {isa = PBXBuildFile; fileRef = 6578E46E23054F51004BC1CF /* PicModel.m */; };
		6578E47323054F8F004BC1CF /* PicTableViewCell.m in Sources */ = {isa = PBXBuildFile; fileRef = 6578E47123054F8F004BC1CF /* PicTableViewCell.m */; };
		6578E47423054F8F004BC1CF /* PicTableViewCell.xib in Resources */ = {isa = PBXBuildFile; fileRef = 6578E47223054F8F004BC1CF /* PicTableViewCell.xib */; };
		6578E47723054FA4004BC1CF /* PicViewModels.m in Sources */ = {isa = PBXBuildFile; fileRef = 6578E47623054FA4004BC1CF /* PicViewModels.m */; };
/* End PBXBuildFile section */

/* Begin PBXContainerItemProxy section */
		6578E44E23054AAC004BC1CF /* PBXContainerItemProxy */ = {
			isa = PBXContainerItemProxy;
			containerPortal = 6578E42D23054AAA004BC1CF /* Project object */;
			proxyType = 1;
			remoteGlobalIDString = 6578E43423054AAA004BC1CF;
			remoteInfo = MVVMDemo;
		};
		6578E45923054AAC004BC1CF /* PBXContainerItemProxy */ = {
			isa = PBXContainerItemProxy;
			containerPortal = 6578E42D23054AAA004BC1CF /* Project object */;
			proxyType = 1;
			remoteGlobalIDString = 6578E43423054AAA004BC1CF;
			remoteInfo = MVVMDemo;
		};
/* End PBXContainerItemProxy section */

/* Begin PBXFileReference section */
		2D750D99FA9C68E45D2E1005 /* Pods-MVVMDemo.debug.xcconfig */ = {isa = PBXFileReference; includeInIndex = 1; lastKnownFileType = text.xcconfig; name = "Pods-MVVMDemo.debug.xcconfig"; path = "Target Support Files/Pods-MVVMDemo/Pods-MVVMDemo.debug.xcconfig"; sourceTree = "<group>"; };
		6578E43523054AAA004BC1CF /* MVVMDemo.app */ = {isa = PBXFileReference; explicitFileType = wrapper.application; includeInIndex = 0; path = MVVMDemo.app; sourceTree = BUILT_PRODUCTS_DIR; };
		6578E43823054AAA004BC1CF /* AppDelegate.h */ = {isa = PBXFileReference; lastKnownFileType = sourcecode.c.h; path = AppDelegate.h; sourceTree = "<group>"; };
		6578E43923054AAA004BC1CF /* AppDelegate.m */ = {isa = PBXFileReference; lastKnownFileType = sourcecode.c.objc; path = AppDelegate.m; sourceTree = "<group>"; };
		6578E43B23054AAA004BC1CF /* ViewController.h */ = {isa = PBXFileReference; lastKnownFileType = sourcecode.c.h; path = ViewController.h; sourceTree = "<group>"; };
		6578E43C23054AAA004BC1CF /* ViewController.m */ = {isa = PBXFileReference; lastKnownFileType = sourcecode.c.objc; path = ViewController.m; sourceTree = "<group>"; };
		6578E43F23054AAA004BC1CF /* Base */ = {isa = PBXFileReference; lastKnownFileType = file.storyboard; name = Base; path = Base.lproj/Main.storyboard; sourceTree = "<group>"; };
		6578E44123054AAB004BC1CF /* Assets.xcassets */ = {isa = PBXFileReference; lastKnownFileType = folder.assetcatalog; path = Assets.xcassets; sourceTree = "<group>"; };
		6578E44423054AAB004BC1CF /* Base */ = {isa = PBXFileReference; lastKnownFileType = file.storyboard; name = Base; path = Base.lproj/LaunchScreen.storyboard; sourceTree = "<group>"; };
		6578E44623054AAB004BC1CF /* Info.plist */ = {isa = PBXFileReference; lastKnownFileType = text.plist.xml; path = Info.plist; sourceTree = "<group>"; };
		6578E44723054AAB004BC1CF /* main.m */ = {isa = PBXFileReference; lastKnownFileType = sourcecode.c.objc; path = main.m; sourceTree = "<group>"; };
		6578E44D23054AAC004BC1CF /* MVVMDemoTests.xctest */ = {isa = PBXFileReference; explicitFileType = wrapper.cfbundle; includeInIndex = 0; path = MVVMDemoTests.xctest; sourceTree = BUILT_PRODUCTS_DIR; };
		6578E45123054AAC004BC1CF /* MVVMDemoTests.m */ = {isa = PBXFileReference; lastKnownFileType = sourcecode.c.objc; path = MVVMDemoTests.m; sourceTree = "<group>"; };
		6578E45323054AAC004BC1CF /* Info.plist */ = {isa = PBXFileReference; lastKnownFileType = text.plist.xml; path = Info.plist; sourceTree = "<group>"; };
		6578E45823054AAC004BC1CF /* MVVMDemoUITests.xctest */ = {isa = PBXFileReference; explicitFileType = wrapper.cfbundle; includeInIndex = 0; path = MVVMDemoUITests.xctest; sourceTree = BUILT_PRODUCTS_DIR; };
		6578E45C23054AAC004BC1CF /* MVVMDemoUITests.m */ = {isa = PBXFileReference; lastKnownFileType = sourcecode.c.objc; path = MVVMDemoUITests.m; sourceTree = "<group>"; };
		6578E45E23054AAC004BC1CF /* Info.plist */ = {isa = PBXFileReference; lastKnownFileType = text.plist.xml; path = Info.plist; sourceTree = "<group>"; };
		6578E46D23054F51004BC1CF /* PicModel.h */ = {isa = PBXFileReference; lastKnownFileType = sourcecode.c.h; path = PicModel.h; sourceTree = "<group>"; };
		6578E46E23054F51004BC1CF /* PicModel.m */ = {isa = PBXFileReference; lastKnownFileType = sourcecode.c.objc; path = PicModel.m; sourceTree = "<group>"; };
		6578E47023054F8F004BC1CF /* PicTableViewCell.h */ = {isa = PBXFileReference; lastKnownFileType = sourcecode.c.h; path = PicTableViewCell.h; sourceTree = "<group>"; };
		6578E47123054F8F004BC1CF /* PicTableViewCell.m */ = {isa = PBXFileReference; lastKnownFileType = sourcecode.c.objc; path = PicTableViewCell.m; sourceTree = "<group>"; };
		6578E47223054F8F004BC1CF /* PicTableViewCell.xib */ = {isa = PBXFileReference; lastKnownFileType = file.xib; path = PicTableViewCell.xib; sourceTree = "<group>"; };
		6578E47523054FA4004BC1CF /* PicViewModels.h */ = {isa = PBXFileReference; lastKnownFileType = sourcecode.c.h; path = PicViewModels.h; sourceTree = "<group>"; };
		6578E47623054FA4004BC1CF /* PicViewModels.m */ = {isa = PBXFileReference; lastKnownFileType = sourcecode.c.objc; path = PicViewModels.m; sourceTree = "<group>"; };
		9C8A912B3B9D00996ABBD7D7 /* libPods-MVVMDemo.a */ = {isa = PBXFileReference; explicitFileType = archive.ar; includeInIndex = 0; path = "libPods-MVVMDemo.a"; sourceTree = BUILT_PRODUCTS_DIR; };
		C7FAEBFAF5353D0CAA342C12 /* Pods-MVVMDemo.release.xcconfig */ = {isa = PBXFileReference; includeInIndex = 1; lastKnownFileType = text.xcconfig; name = "Pods-MVVMDemo.release.xcconfig"; path = "Target Support Files/Pods-MVVMDemo/Pods-MVVMDemo.release.xcconfig"; sourceTree = "<group>"; };
/* End PBXFileReference section */

/* Begin PBXFrameworksBuildPhase section */
		6578E43223054AAA004BC1CF /* Frameworks */ = {
			isa = PBXFrameworksBuildPhase;
			buildActionMask = 2147483647;
			files = (
				26FE4B64C9716194FE1CBDAE /* libPods-MVVMDemo.a in Frameworks */,
			);
			runOnlyForDeploymentPostprocessing = 0;
		};
		6578E44A23054AAC004BC1CF /* Frameworks */ = {
			isa = PBXFrameworksBuildPhase;
			buildActionMask = 2147483647;
			files = (
			);
			runOnlyForDeploymentPostprocessing = 0;
		};
		6578E45523054AAC004BC1CF /* Frameworks */ = {
			isa = PBXFrameworksBuildPhase;
			buildActionMask = 2147483647;
			files = (
			);
			runOnlyForDeploymentPostprocessing = 0;
		};
/* End PBXFrameworksBuildPhase section */

/* Begin PBXGroup section */
		6578E42C23054AAA004BC1CF = {
			isa = PBXGroup;
			children = (
				6578E43723054AAA004BC1CF /* MVVMDemo */,
				6578E45023054AAC004BC1CF /* MVVMDemoTests */,
				6578E45B23054AAC004BC1CF /* MVVMDemoUITests */,
				6578E43623054AAA004BC1CF /* Products */,
				C7F8936ED63A7625ED60E657 /* Pods */,
				EBDF1F5895DD3A5A9173F8C4 /* Frameworks */,
			);
			sourceTree = "<group>";
		};
		6578E43623054AAA004BC1CF /* Products */ = {
			isa = PBXGroup;
			children = (
				6578E43523054AAA004BC1CF /* MVVMDemo.app */,
				6578E44D23054AAC004BC1CF /* MVVMDemoTests.xctest */,
				6578E45823054AAC004BC1CF /* MVVMDemoUITests.xctest */,
			);
			name = Products;
			sourceTree = "<group>";
		};
		6578E43723054AAA004BC1CF /* MVVMDemo */ = {
			isa = PBXGroup;
			children = (
				6578E46C23054F2A004BC1CF /* ViewModel */,
				6578E46B23054F24004BC1CF /* Model */,
				6578E46A23054F19004BC1CF /* View */,
				6578E43823054AAA004BC1CF /* AppDelegate.h */,
				6578E43923054AAA004BC1CF /* AppDelegate.m */,
				6578E43B23054AAA004BC1CF /* ViewController.h */,
				6578E43C23054AAA004BC1CF /* ViewController.m */,
				6578E43E23054AAA004BC1CF /* Main.storyboard */,
				6578E44123054AAB004BC1CF /* Assets.xcassets */,
				6578E44323054AAB004BC1CF /* LaunchScreen.storyboard */,
				6578E44623054AAB004BC1CF /* Info.plist */,
				6578E44723054AAB004BC1CF /* main.m */,
			);
			path = MVVMDemo;
			sourceTree = "<group>";
		};
		6578E45023054AAC004BC1CF /* MVVMDemoTests */ = {
			isa = PBXGroup;
			children = (
				6578E45123054AAC004BC1CF /* MVVMDemoTests.m */,
				6578E45323054AAC004BC1CF /* Info.plist */,
			);
			path = MVVMDemoTests;
			sourceTree = "<group>";
		};
		6578E45B23054AAC004BC1CF /* MVVMDemoUITests */ = {
			isa = PBXGroup;
			children = (
				6578E45C23054AAC004BC1CF /* MVVMDemoUITests.m */,
				6578E45E23054AAC004BC1CF /* Info.plist */,
			);
			path = MVVMDemoUITests;
			sourceTree = "<group>";
		};
		6578E46A23054F19004BC1CF /* View */ = {
			isa = PBXGroup;
			children = (
				6578E47023054F8F004BC1CF /* PicTableViewCell.h */,
				6578E47123054F8F004BC1CF /* PicTableViewCell.m */,
				6578E47223054F8F004BC1CF /* PicTableViewCell.xib */,
			);
			path = View;
			sourceTree = "<group>";
		};
		6578E46B23054F24004BC1CF /* Model */ = {
			isa = PBXGroup;
			children = (
				6578E46D23054F51004BC1CF /* PicModel.h */,
				6578E46E23054F51004BC1CF /* PicModel.m */,
			);
			path = Model;
			sourceTree = "<group>";
		};
		6578E46C23054F2A004BC1CF /* ViewModel */ = {
			isa = PBXGroup;
			children = (
				6578E47523054FA4004BC1CF /* PicViewModels.h */,
				6578E47623054FA4004BC1CF /* PicViewModels.m */,
			);
			path = ViewModel;
			sourceTree = "<group>";
		};
		C7F8936ED63A7625ED60E657 /* Pods */ = {
			isa = PBXGroup;
			children = (
				2D750D99FA9C68E45D2E1005 /* Pods-MVVMDemo.debug.xcconfig */,
				C7FAEBFAF5353D0CAA342C12 /* Pods-MVVMDemo.release.xcconfig */,
			);
			path = Pods;
			sourceTree = "<group>";
		};
		EBDF1F5895DD3A5A9173F8C4 /* Frameworks */ = {
			isa = PBXGroup;
			children = (
				9C8A912B3B9D00996ABBD7D7 /* libPods-MVVMDemo.a */,
			);
			name = Frameworks;
			sourceTree = "<group>";
		};
/* End PBXGroup section */

/* Begin PBXNativeTarget section */
		6578E43423054AAA004BC1CF /* MVVMDemo */ = {
			isa = PBXNativeTarget;
			buildConfigurationList = 6578E46123054AAC004BC1CF /* Build configuration list for PBXNativeTarget "MVVMDemo" */;
			buildPhases = (
				F32E72FBA5FF60B965FFEFFD /* [CP] Check Pods Manifest.lock */,
				6578E43123054AAA004BC1CF /* Sources */,
				6578E43223054AAA004BC1CF /* Frameworks */,
				6578E43323054AAA004BC1CF /* Resources */,
				9BBEB5E4EF7C70A44A38C67F /* [CP] Copy Pods Resources */,
			);
			buildRules = (
			);
			dependencies = (
			);
			name = MVVMDemo;
			productName = MVVMDemo;
			productReference = 6578E43523054AAA004BC1CF /* MVVMDemo.app */;
			productType = "com.apple.product-type.application";
		};
		6578E44C23054AAC004BC1CF /* MVVMDemoTests */ = {
			isa = PBXNativeTarget;
			buildConfigurationList = 6578E46423054AAC004BC1CF /* Build configuration list for PBXNativeTarget "MVVMDemoTests" */;
			buildPhases = (
				6578E44923054AAC004BC1CF /* Sources */,
				6578E44A23054AAC004BC1CF /* Frameworks */,
				6578E44B23054AAC004BC1CF /* Resources */,
			);
			buildRules = (
			);
			dependencies = (
				6578E44F23054AAC004BC1CF /* PBXTargetDependency */,
			);
			name = MVVMDemoTests;
			productName = MVVMDemoTests;
			productReference = 6578E44D23054AAC004BC1CF /* MVVMDemoTests.xctest */;
			productType = "com.apple.product-type.bundle.unit-test";
		};
		6578E45723054AAC004BC1CF /* MVVMDemoUITests */ = {
			isa = PBXNativeTarget;
			buildConfigurationList = 6578E46723054AAC004BC1CF /* Build configuration list for PBXNativeTarget "MVVMDemoUITests" */;
			buildPhases = (
				6578E45423054AAC004BC1CF /* Sources */,
				6578E45523054AAC004BC1CF /* Frameworks */,
				6578E45623054AAC004BC1CF /* Resources */,
			);
			buildRules = (
			);
			dependencies = (
				6578E45A23054AAC004BC1CF /* PBXTargetDependency */,
			);
			name = MVVMDemoUITests;
			productName = MVVMDemoUITests;
			productReference = 6578E45823054AAC004BC1CF /* MVVMDemoUITests.xctest */;
			productType = "com.apple.product-type.bundle.ui-testing";
		};
/* End PBXNativeTarget section */

/* Begin PBXProject section */
		6578E42D23054AAA004BC1CF /* Project object */ = {
			isa = PBXProject;
			attributes = {
				LastUpgradeCheck = 1010;
				ORGANIZATIONNAME = 208;
				TargetAttributes = {
					6578E43423054AAA004BC1CF = {
						CreatedOnToolsVersion = 10.1;
					};
					6578E44C23054AAC004BC1CF = {
						CreatedOnToolsVersion = 10.1;
						TestTargetID = 6578E43423054AAA004BC1CF;
					};
					6578E45723054AAC004BC1CF = {
						CreatedOnToolsVersion = 10.1;
						TestTargetID = 6578E43423054AAA004BC1CF;
					};
				};
			};
			buildConfigurationList = 6578E43023054AAA004BC1CF /* Build configuration list for PBXProject "MVVMDemo" */;
			compatibilityVersion = "Xcode 9.3";
			developmentRegion = en;
			hasScannedForEncodings = 0;
			knownRegions = (
				en,
				Base,
			);
			mainGroup = 6578E42C23054AAA004BC1CF;
			productRefGroup = 6578E43623054AAA004BC1CF /* Products */;
			projectDirPath = "";
			projectRoot = "";
			targets = (
				6578E43423054AAA004BC1CF /* MVVMDemo */,
				6578E44C23054AAC004BC1CF /* MVVMDemoTests */,
				6578E45723054AAC004BC1CF /* MVVMDemoUITests */,
			);
		};
/* End PBXProject section */

/* Begin PBXResourcesBuildPhase section */
		6578E43323054AAA004BC1CF /* Resources */ = {
			isa = PBXResourcesBuildPhase;
			buildActionMask = 2147483647;
			files = (
				6578E47423054F8F004BC1CF /* PicTableViewCell.xib in Resources */,
				6578E44523054AAB004BC1CF /* LaunchScreen.storyboard in Resources */,
				6578E44223054AAB004BC1CF /* Assets.xcassets in Resources */,
				6578E44023054AAA004BC1CF /* Main.storyboard in Resources */,
			);
			runOnlyForDeploymentPostprocessing = 0;
		};
		6578E44B23054AAC004BC1CF /* Resources */ = {
			isa = PBXResourcesBuildPhase;
			buildActionMask = 2147483647;
			files = (
			);
			runOnlyForDeploymentPostprocessing = 0;
		};
		6578E45623054AAC004BC1CF /* Resources */ = {
			isa = PBXResourcesBuildPhase;
			buildActionMask = 2147483647;
			files = (
			);
			runOnlyForDeploymentPostprocessing = 0;
		};
/* End PBXResourcesBuildPhase section */

/* Begin PBXShellScriptBuildPhase section */
		9BBEB5E4EF7C70A44A38C67F /* [CP] Copy Pods Resources */ = {
			isa = PBXShellScriptBuildPhase;
			buildActionMask = 2147483647;
			files = (
			);
			inputFileListPaths = (
				"${PODS_ROOT}/Target Support Files/Pods-MVVMDemo/Pods-MVVMDemo-resources-${CONFIGURATION}-input-files.xcfilelist",
			);
			name = "[CP] Copy Pods Resources";
			outputFileListPaths = (
				"${PODS_ROOT}/Target Support Files/Pods-MVVMDemo/Pods-MVVMDemo-resources-${CONFIGURATION}-output-files.xcfilelist",
			);
			runOnlyForDeploymentPostprocessing = 0;
			shellPath = /bin/sh;
			shellScript = "\"${PODS_ROOT}/Target Support Files/Pods-MVVMDemo/Pods-MVVMDemo-resources.sh\"\n";
			showEnvVarsInLog = 0;
		};
		F32E72FBA5FF60B965FFEFFD /* [CP] Check Pods Manifest.lock */ = {
			isa = PBXShellScriptBuildPhase;
			buildActionMask = 2147483647;
			files = (
			);
			inputFileListPaths = (
			);
			inputPaths = (
				"${PODS_PODFILE_DIR_PATH}/Podfile.lock",
				"${PODS_ROOT}/Manifest.lock",
			);
			name = "[CP] Check Pods Manifest.lock";
			outputFileListPaths = (
			);
			outputPaths = (
				"$(DERIVED_FILE_DIR)/Pods-MVVMDemo-checkManifestLockResult.txt",
			);
			runOnlyForDeploymentPostprocessing = 0;
			shellPath = /bin/sh;
			shellScript = "diff \"${PODS_PODFILE_DIR_PATH}/Podfile.lock\" \"${PODS_ROOT}/Manifest.lock\" > /dev/null\nif [ $? != 0 ] ; then\n    # print error to STDERR\n    echo \"error: The sandbox is not in sync with the Podfile.lock. Run 'pod install' or update your CocoaPods installation.\" >&2\n    exit 1\nfi\n# This output is used by Xcode 'outputs' to avoid re-running this script phase.\necho \"SUCCESS\" > \"${SCRIPT_OUTPUT_FILE_0}\"\n";
			showEnvVarsInLog = 0;
		};
/* End PBXShellScriptBuildPhase section */

/* Begin PBXSourcesBuildPhase section */
		6578E43123054AAA004BC1CF /* Sources */ = {
			isa = PBXSourcesBuildPhase;
			buildActionMask = 2147483647;
			files = (
				6578E47323054F8F004BC1CF /* PicTableViewCell.m in Sources */,
				6578E47723054FA4004BC1CF /* PicViewModels.m in Sources */,
				6578E43D23054AAA004BC1CF /* ViewController.m in Sources */,
				6578E44823054AAB004BC1CF /* main.m in Sources */,
				6578E46F23054F51004BC1CF /* PicModel.m in Sources */,
				6578E43A23054AAA004BC1CF /* AppDelegate.m in Sources */,
			);
			runOnlyForDeploymentPostprocessing = 0;
		};
		6578E44923054AAC004BC1CF /* Sources */ = {
			isa = PBXSourcesBuildPhase;
			buildActionMask = 2147483647;
			files = (
				6578E45223054AAC004BC1CF /* MVVMDemoTests.m in Sources */,
			);
			runOnlyForDeploymentPostprocessing = 0;
		};
		6578E45423054AAC004BC1CF /* Sources */ = {
			isa = PBXSourcesBuildPhase;
			buildActionMask = 2147483647;
			files = (
				6578E45D23054AAC004BC1CF /* MVVMDemoUITests.m in Sources */,
			);
			runOnlyForDeploymentPostprocessing = 0;
		};
/* End PBXSourcesBuildPhase section */

/* Begin PBXTargetDependency section */
		6578E44F23054AAC004BC1CF /* PBXTargetDependency */ = {
			isa = PBXTargetDependency;
			target = 6578E43423054AAA004BC1CF /* MVVMDemo */;
			targetProxy = 6578E44E23054AAC004BC1CF /* PBXContainerItemProxy */;
		};
		6578E45A23054AAC004BC1CF /* PBXTargetDependency */ = {
			isa = PBXTargetDependency;
			target = 6578E43423054AAA004BC1CF /* MVVMDemo */;
			targetProxy = 6578E45923054AAC004BC1CF /* PBXContainerItemProxy */;
		};
/* End PBXTargetDependency section */

/* Begin PBXVariantGroup section */
		6578E43E23054AAA004BC1CF /* Main.storyboard */ = {
			isa = PBXVariantGroup;
			children = (
				6578E43F23054AAA004BC1CF /* Base */,
			);
			name = Main.storyboard;
			sourceTree = "<group>";
		};
		6578E44323054AAB004BC1CF /* LaunchScreen.storyboard */ = {
			isa = PBXVariantGroup;
			children = (
				6578E44423054AAB004BC1CF /* Base */,
			);
			name = LaunchScreen.storyboard;
			sourceTree = "<group>";
		};
/* End PBXVariantGroup section */

/* Begin XCBuildConfiguration section */
		6578E45F23054AAC004BC1CF /* Debug */ = {
			isa = XCBuildConfiguration;
			buildSettings = {
				ALWAYS_SEARCH_USER_PATHS = NO;
				CLANG_ANALYZER_NONNULL = YES;
				CLANG_ANALYZER_NUMBER_OBJECT_CONVERSION = YES_AGGRESSIVE;
				CLANG_CXX_LANGUAGE_STANDARD = "gnu++14";
				CLANG_CXX_LIBRARY = "libc++";
				CLANG_ENABLE_MODULES = YES;
				CLANG_ENABLE_OBJC_ARC = YES;
				CLANG_ENABLE_OBJC_WEAK = YES;
				CLANG_WARN_BLOCK_CAPTURE_AUTORELEASING = YES;
				CLANG_WARN_BOOL_CONVERSION = YES;
				CLANG_WARN_COMMA = YES;
				CLANG_WARN_CONSTANT_CONVERSION = YES;
				CLANG_WARN_DEPRECATED_OBJC_IMPLEMENTATIONS = YES;
				CLANG_WARN_DIRECT_OBJC_ISA_USAGE = YES_ERROR;
				CLANG_WARN_DOCUMENTATION_COMMENTS = YES;
				CLANG_WARN_EMPTY_BODY = YES;
				CLANG_WARN_ENUM_CONVERSION = YES;
				CLANG_WARN_INFINITE_RECURSION = YES;
				CLANG_WARN_INT_CONVERSION = YES;
				CLANG_WARN_NON_LITERAL_NULL_CONVERSION = YES;
				CLANG_WARN_OBJC_IMPLICIT_RETAIN_SELF = YES;
				CLANG_WARN_OBJC_LITERAL_CONVERSION = YES;
				CLANG_WARN_OBJC_ROOT_CLASS = YES_ERROR;
				CLANG_WARN_RANGE_LOOP_ANALYSIS = YES;
				CLANG_WARN_STRICT_PROTOTYPES = YES;
				CLANG_WARN_SUSPICIOUS_MOVE = YES;
				CLANG_WARN_UNGUARDED_AVAILABILITY = YES_AGGRESSIVE;
				CLANG_WARN_UNREACHABLE_CODE = YES;
				CLANG_WARN__DUPLICATE_METHOD_MATCH = YES;
				CODE_SIGN_IDENTITY = "iPhone Developer";
				COPY_PHASE_STRIP = NO;
				DEBUG_INFORMATION_FORMAT = dwarf;
				ENABLE_STRICT_OBJC_MSGSEND = YES;
				ENABLE_TESTABILITY = YES;
				GCC_C_LANGUAGE_STANDARD = gnu11;
				GCC_DYNAMIC_NO_PIC = NO;
				GCC_NO_COMMON_BLOCKS = YES;
				GCC_OPTIMIZATION_LEVEL = 0;
				GCC_PREPROCESSOR_DEFINITIONS = (
					"DEBUG=1",
					"$(inherited)",
				);
				GCC_WARN_64_TO_32_BIT_CONVERSION = YES;
				GCC_WARN_ABOUT_RETURN_TYPE = YES_ERROR;
				GCC_WARN_UNDECLARED_SELECTOR = YES;
				GCC_WARN_UNINITIALIZED_AUTOS = YES_AGGRESSIVE;
				GCC_WARN_UNUSED_FUNCTION = YES;
				GCC_WARN_UNUSED_VARIABLE = YES;
				IPHONEOS_DEPLOYMENT_TARGET = 12.1;
				MTL_ENABLE_DEBUG_INFO = INCLUDE_SOURCE;
				MTL_FAST_MATH = YES;
				ONLY_ACTIVE_ARCH = YES;
				SDKROOT = iphoneos;
			};
			name = Debug;
		};
		6578E46023054AAC004BC1CF /* Release */ = {
			isa = XCBuildConfiguration;
			buildSettings = {
				ALWAYS_SEARCH_USER_PATHS = NO;
				CLANG_ANALYZER_NONNULL = YES;
				CLANG_ANALYZER_NUMBER_OBJECT_CONVERSION = YES_AGGRESSIVE;
				CLANG_CXX_LANGUAGE_STANDARD = "gnu++14";
				CLANG_CXX_LIBRARY = "libc++";
				CLANG_ENABLE_MODULES = YES;
				CLANG_ENABLE_OBJC_ARC = YES;
				CLANG_ENABLE_OBJC_WEAK = YES;
				CLANG_WARN_BLOCK_CAPTURE_AUTORELEASING = YES;
				CLANG_WARN_BOOL_CONVERSION = YES;
				CLANG_WARN_COMMA = YES;
				CLANG_WARN_CONSTANT_CONVERSION = YES;
				CLANG_WARN_DEPRECATED_OBJC_IMPLEMENTATIONS = YES;
				CLANG_WARN_DIRECT_OBJC_ISA_USAGE = YES_ERROR;
				CLANG_WARN_DOCUMENTATION_COMMENTS = YES;
				CLANG_WARN_EMPTY_BODY = YES;
				CLANG_WARN_ENUM_CONVERSION = YES;
				CLANG_WARN_INFINITE_RECURSION = YES;
				CLANG_WARN_INT_CONVERSION = YES;
				CLANG_WARN_NON_LITERAL_NULL_CONVERSION = YES;
				CLANG_WARN_OBJC_IMPLICIT_RETAIN_SELF = YES;
				CLANG_WARN_OBJC_LITERAL_CONVERSION = YES;
				CLANG_WARN_OBJC_ROOT_CLASS = YES_ERROR;
				CLANG_WARN_RANGE_LOOP_ANALYSIS = YES;
				CLANG_WARN_STRICT_PROTOTYPES = YES;
				CLANG_WARN_SUSPICIOUS_MOVE = YES;
				CLANG_WARN_UNGUARDED_AVAILABILITY = YES_AGGRESSIVE;
				CLANG_WARN_UNREACHABLE_CODE = YES;
				CLANG_WARN__DUPLICATE_METHOD_MATCH = YES;
				CODE_SIGN_IDENTITY = "iPhone Developer";
				COPY_PHASE_STRIP = NO;
				DEBUG_INFORMATION_FORMAT = "dwarf-with-dsym";
				ENABLE_NS_ASSERTIONS = NO;
				ENABLE_STRICT_OBJC_MSGSEND = YES;
				GCC_C_LANGUAGE_STANDARD = gnu11;
				GCC_NO_COMMON_BLOCKS = YES;
				GCC_WARN_64_TO_32_BIT_CONVERSION = YES;
				GCC_WARN_ABOUT_RETURN_TYPE = YES_ERROR;
				GCC_WARN_UNDECLARED_SELECTOR = YES;
				GCC_WARN_UNINITIALIZED_AUTOS = YES_AGGRESSIVE;
				GCC_WARN_UNUSED_FUNCTION = YES;
				GCC_WARN_UNUSED_VARIABLE = YES;
				IPHONEOS_DEPLOYMENT_TARGET = 12.1;
				MTL_ENABLE_DEBUG_INFO = NO;
				MTL_FAST_MATH = YES;
				SDKROOT = iphoneos;
				VALIDATE_PRODUCT = YES;
			};
			name = Release;
		};
		6578E46223054AAC004BC1CF /* Debug */ = {
			isa = XCBuildConfiguration;
			baseConfigurationReference = 2D750D99FA9C68E45D2E1005 /* Pods-MVVMDemo.debug.xcconfig */;
			buildSettings = {
				ASSETCATALOG_COMPILER_APPICON_NAME = AppIcon;
				CODE_SIGN_STYLE = Automatic;
				DEVELOPMENT_TEAM = YPS8ZP6GZ6;
				INFOPLIST_FILE = MVVMDemo/Info.plist;
				IPHONEOS_DEPLOYMENT_TARGET = 9.0;
				LD_RUNPATH_SEARCH_PATHS = (
					"$(inherited)",
					"@executable_path/Frameworks",
				);
				PRODUCT_BUNDLE_IDENTIFIER = "-08.MVVMDemo";
				PRODUCT_NAME = "$(TARGET_NAME)";
				TARGETED_DEVICE_FAMILY = "1,2";
			};
			name = Debug;
		};
		6578E46323054AAC004BC1CF /* Release */ = {
			isa = XCBuildConfiguration;
			baseConfigurationReference = C7FAEBFAF5353D0CAA342C12 /* Pods-MVVMDemo.release.xcconfig */;
			buildSettings = {
				ASSETCATALOG_COMPILER_APPICON_NAME = AppIcon;
				CODE_SIGN_STYLE = Automatic;
				DEVELOPMENT_TEAM = YPS8ZP6GZ6;
				INFOPLIST_FILE = MVVMDemo/Info.plist;
				IPHONEOS_DEPLOYMENT_TARGET = 9.0;
				LD_RUNPATH_SEARCH_PATHS = (
					"$(inherited)",
					"@executable_path/Frameworks",
				);
				PRODUCT_BUNDLE_IDENTIFIER = "-08.MVVMDemo";
				PRODUCT_NAME = "$(TARGET_NAME)";
				TARGETED_DEVICE_FAMILY = "1,2";
			};
			name = Release;
		};
		6578E46523054AAC004BC1CF /* Debug */ = {
			isa = XCBuildConfiguration;
			buildSettings = {
				BUNDLE_LOADER = "$(TEST_HOST)";
				CODE_SIGN_STYLE = Automatic;
				DEVELOPMENT_TEAM = YPS8ZP6GZ6;
				INFOPLIST_FILE = MVVMDemoTests/Info.plist;
				LD_RUNPATH_SEARCH_PATHS = (
					"$(inherited)",
					"@executable_path/Frameworks",
					"@loader_path/Frameworks",
				);
				PRODUCT_BUNDLE_IDENTIFIER = "-08.MVVMDemoTests";
				PRODUCT_NAME = "$(TARGET_NAME)";
				TARGETED_DEVICE_FAMILY = "1,2";
				TEST_HOST = "$(BUILT_PRODUCTS_DIR)/MVVMDemo.app/MVVMDemo";
			};
			name = Debug;
		};
		6578E46623054AAC004BC1CF /* Release */ = {
			isa = XCBuildConfiguration;
			buildSettings = {
				BUNDLE_LOADER = "$(TEST_HOST)";
				CODE_SIGN_STYLE = Automatic;
				DEVELOPMENT_TEAM = YPS8ZP6GZ6;
				INFOPLIST_FILE = MVVMDemoTests/Info.plist;
				LD_RUNPATH_SEARCH_PATHS = (
					"$(inherited)",
					"@executable_path/Frameworks",
					"@loader_path/Frameworks",
				);
				PRODUCT_BUNDLE_IDENTIFIER = "-08.MVVMDemoTests";
				PRODUCT_NAME = "$(TARGET_NAME)";
				TARGETED_DEVICE_FAMILY = "1,2";
				TEST_HOST = "$(BUILT_PRODUCTS_DIR)/MVVMDemo.app/MVVMDemo";
			};
			name = Release;
		};
		6578E46823054AAC004BC1CF /* Debug */ = {
			isa = XCBuildConfiguration;
			buildSettings = {
				CODE_SIGN_STYLE = Automatic;
				DEVELOPMENT_TEAM = YPS8ZP6GZ6;
				INFOPLIST_FILE = MVVMDemoUITests/Info.plist;
				LD_RUNPATH_SEARCH_PATHS = (
					"$(inherited)",
					"@executable_path/Frameworks",
					"@loader_path/Frameworks",
				);
				PRODUCT_BUNDLE_IDENTIFIER = "-08.MVVMDemoUITests";
				PRODUCT_NAME = "$(TARGET_NAME)";
				TARGETED_DEVICE_FAMILY = "1,2";
				TEST_TARGET_NAME = MVVMDemo;
			};
			name = Debug;
		};
		6578E46923054AAC004BC1CF /* Release */ = {
			isa = XCBuildConfiguration;
			buildSettings = {
				CODE_SIGN_STYLE = Automatic;
				DEVELOPMENT_TEAM = YPS8ZP6GZ6;
				INFOPLIST_FILE = MVVMDemoUITests/Info.plist;
				LD_RUNPATH_SEARCH_PATHS = (
					"$(inherited)",
					"@executable_path/Frameworks",
					"@loader_path/Frameworks",
				);
				PRODUCT_BUNDLE_IDENTIFIER = "-08.MVVMDemoUITests";
				PRODUCT_NAME = "$(TARGET_NAME)";
				TARGETED_DEVICE_FAMILY = "1,2";
				TEST_TARGET_NAME = MVVMDemo;
			};
			name = Release;
		};
/* End XCBuildConfiguration section */

/* Begin XCConfigurationList section */
		6578E43023054AAA004BC1CF /* Build configuration list for PBXProject "MVVMDemo" */ = {
			isa = XCConfigurationList;
			buildConfigurations = (
				6578E45F23054AAC004BC1CF /* Debug */,
				6578E46023054AAC004BC1CF /* Release */,
			);
			defaultConfigurationIsVisible = 0;
			defaultConfigurationName = Release;
		};
		6578E46123054AAC004BC1CF /* Build configuration list for PBXNativeTarget "MVVMDemo" */ = {
			isa = XCConfigurationList;
			buildConfigurations = (
				6578E46223054AAC004BC1CF /* Debug */,
				6578E46323054AAC004BC1CF /* Release */,
			);
			defaultConfigurationIsVisible = 0;
			defaultConfigurationName = Release;
		};
		6578E46423054AAC004BC1CF /* Build configuration list for PBXNativeTarget "MVVMDemoTests" */ = {
			isa = XCConfigurationList;
			buildConfigurations = (
				6578E46523054AAC004BC1CF /* Debug */,
				6578E46623054AAC004BC1CF /* Release */,
			);
			defaultConfigurationIsVisible = 0;
			defaultConfigurationName = Release;
		};
		6578E46723054AAC004BC1CF /* Build configuration list for PBXNativeTarget "MVVMDemoUITests" */ = {
			isa = XCConfigurationList;
			buildConfigurations = (
				6578E46823054AAC004BC1CF /* Debug */,
				6578E46923054AAC004BC1CF /* Release */,
			);
			defaultConfigurationIsVisible = 0;
			defaultConfigurationName = Release;
		};
/* End XCConfigurationList section */
	};
	rootObject = 6578E42D23054AAA004BC1CF /* Project object */;
}
